
Microsoft Visual Studio Solution File, Format Version 12.00
# Visual Studio Version 16
VisualStudioVersion = 16.0.29509.3
MinimumVisualStudioVersion = 10.0.40219.1
Project("{FAE04EC0-301F-11D3-BF4B-00C04F79EFBC}") = "OPC UA_TEST", "OPC UA_TEST.csproj", "{852F6A49-8E4C-4356-A935-1E884B890F5C}"
EndProject
Global
	GlobalSection(SolutionConfigurationPlatforms) = preSolution
		Debug|Any CPU = Debug|Any CPU
		Release|Any CPU = Release|Any CPU
	EndGlobalSection
	GlobalSection(ProjectConfigurationPlatforms) = postSolution
		{852F6A49-8E4C-4356-A935-1E884B890F5C}.Debug|Any CPU.ActiveCfg = Debug|Any CPU
		{852F6A49-8E4C-4356-A935-1E884B890F5C}.Debug|Any CPU.Build.0 = Debug|Any CPU
		{852F6A49-8E4C-4356-A935-1E884B890F5C}.Release|Any CPU.ActiveCfg = Release|Any CPU
		{852F6A49-8E4C-4356-A935-1E884B890F5C}.Release|Any CPU.Build.0 = Release|Any CPU
	EndGlobalSection
	GlobalSection(SolutionProperties) = preSolution
		HideSolutionNode = FALSE
	EndGlobalSection
	GlobalSection(ExtensibilityGlobals) = postSolution
		SolutionGuid = {A341B77A-6943-4C65-9B41-1976EA2CD882}
	EndGlobalSection
EndGlobal
